
Microsoft Visual Studio Solution File, Format Version 12.00
# Visual Studio Version 17
VisualStudioVersion = 17.3.32922.545
MinimumVisualStudioVersion = 10.0.40219.1
Project("{FAE04EC0-301F-11D3-BF4B-00C04F79EFBC}") = "KanbanAPI", "KanbanAPI\KanbanAPI.csproj", "{BB1EDD56-F69C-4977-BB00-8BE672BFB213}"
EndProject
Project("{FAE04EC0-301F-11D3-BF4B-00C04F79EFBC}") = "KanbanBAL", "KanbanBAL\KanbanBAL.csproj", "{ED9CD0BC-438A-4961-83FB-A432A82798F0}"
EndProject
Project("{FAE04EC0-301F-11D3-BF4B-00C04F79EFBC}") = "KanbanDAL", "KanbanDAL\KanbanDAL.csproj", "{3612E00F-EC26-4780-910F-B3DE1592D774}"
EndProject
Global
	GlobalSection(SolutionConfigurationPlatforms) = preSolution
		Debug|Any CPU = Debug|Any CPU
		Release|Any CPU = Release|Any CPU
	EndGlobalSection
	GlobalSection(ProjectConfigurationPlatforms) = postSolution
		{BB1EDD56-F69C-4977-BB00-8BE672BFB213}.Debug|Any CPU.ActiveCfg = Debug|Any CPU
		{BB1EDD56-F69C-4977-BB00-8BE672BFB213}.Debug|Any CPU.Build.0 = Debug|Any CPU
		{BB1EDD56-F69C-4977-BB00-8BE672BFB213}.Release|Any CPU.ActiveCfg = Release|Any CPU
		{BB1EDD56-F69C-4977-BB00-8BE672BFB213}.Release|Any CPU.Build.0 = Release|Any CPU
		{ED9CD0BC-438A-4961-83FB-A432A82798F0}.Debug|Any CPU.ActiveCfg = Debug|Any CPU
		{ED9CD0BC-438A-4961-83FB-A432A82798F0}.Debug|Any CPU.Build.0 = Debug|Any CPU
		{ED9CD0BC-438A-4961-83FB-A432A82798F0}.Release|Any CPU.ActiveCfg = Release|Any CPU
		{ED9CD0BC-438A-4961-83FB-A432A82798F0}.Release|Any CPU.Build.0 = Release|Any CPU
		{3612E00F-EC26-4780-910F-B3DE1592D774}.Debug|Any CPU.ActiveCfg = Debug|Any CPU
		{3612E00F-EC26-4780-910F-B3DE1592D774}.Debug|Any CPU.Build.0 = Debug|Any CPU
		{3612E00F-EC26-4780-910F-B3DE1592D774}.Release|Any CPU.ActiveCfg = Release|Any CPU
		{3612E00F-EC26-4780-910F-B3DE1592D774}.Release|Any CPU.Build.0 = Release|Any CPU
	EndGlobalSection
	GlobalSection(SolutionProperties) = preSolution
		HideSolutionNode = FALSE
	EndGlobalSection
	GlobalSection(ExtensibilityGlobals) = postSolution
		SolutionGuid = {6550E3FA-D379-4C25-BD4C-C1FA0C5341EB}
	EndGlobalSection
EndGlobal
